
Microsoft Visual Studio Solution File, Format Version 12.00
# Visual Studio Version 16
VisualStudioVersion = 16.0.30907.101
MinimumVisualStudioVersion = 10.0.40219.1
Project("{9A19103F-16F7-4668-BE54-9A1E7A4F7556}") = "FlowEditor", "FlowEditor\FlowEditor.csproj", "{0E514CA5-CBE9-4460-9ACB-0C9DAB7D81DB}"
EndProject
Project("{2150E333-8FDC-42A3-9474-1A3956D46DE8}") = "Samples", "Samples", "{7A3934F4-6633-4C79-9ABE-D43A4E1BB6C9}"
EndProject
Project("{FAE04EC0-301F-11D3-BF4B-00C04F79EFBC}") = "SimpleStateMachine", "Samples\SimpleStateMachine\SimpleStateMachine.csproj", "{7B2E2660-F845-43E6-9695-5F7B8C1F76F4}"
EndProject
Global
	GlobalSection(SolutionConfigurationPlatforms) = preSolution
		Debug|Any CPU = Debug|Any CPU
		Release|Any CPU = Release|Any CPU
	EndGlobalSection
	GlobalSection(ProjectConfigurationPlatforms) = postSolution
		{0E514CA5-CBE9-4460-9ACB-0C9DAB7D81DB}.Debug|Any CPU.ActiveCfg = Debug|Any CPU
		{0E514CA5-CBE9-4460-9ACB-0C9DAB7D81DB}.Debug|Any CPU.Build.0 = Debug|Any CPU
		{0E514CA5-CBE9-4460-9ACB-0C9DAB7D81DB}.Release|Any CPU.ActiveCfg = Release|Any CPU
		{0E514CA5-CBE9-4460-9ACB-0C9DAB7D81DB}.Release|Any CPU.Build.0 = Release|Any CPU
		{7B2E2660-F845-43E6-9695-5F7B8C1F76F4}.Debug|Any CPU.ActiveCfg = Debug|Any CPU
		{7B2E2660-F845-43E6-9695-5F7B8C1F76F4}.Debug|Any CPU.Build.0 = Debug|Any CPU
		{7B2E2660-F845-43E6-9695-5F7B8C1F76F4}.Release|Any CPU.ActiveCfg = Release|Any CPU
		{7B2E2660-F845-43E6-9695-5F7B8C1F76F4}.Release|Any CPU.Build.0 = Release|Any CPU
	EndGlobalSection
	GlobalSection(SolutionProperties) = preSolution
		HideSolutionNode = FALSE
	EndGlobalSection
	GlobalSection(NestedProjects) = preSolution
		{7B2E2660-F845-43E6-9695-5F7B8C1F76F4} = {7A3934F4-6633-4C79-9ABE-D43A4E1BB6C9}
	EndGlobalSection
	GlobalSection(ExtensibilityGlobals) = postSolution
		SolutionGuid = {963597A0-C3A2-4C5E-A469-AA9C11CEB784}
	EndGlobalSection
EndGlobal
